{
	"name": "@tsmirror/graphql",
	"version": "0.0.2",
	"lockfileVersion": 1,
	"requires": true,
	"dependencies": {
		"@tsmirror/reflect": {
			"version": "0.0.3",
			"resolved": "https://registry.npmjs.org/@tsmirror/reflect/-/reflect-0.0.3.tgz",
			"integrity": "sha512-0p9hC3ta2cLS2YxPjZZx81820Mhc7iHFoSYVHBzUN9zTUEymtpZpQ7YQenq+Dy6nB68y0/vY2l5CH4Z5deb96g==",
			"requires": {
				"typescript": "^3.8.3"
			}
		},
		"blns": {
			"version": "2.0.4",
			"resolved": "https://registry.npmjs.org/blns/-/blns-2.0.4.tgz",
			"integrity": "sha1-YgygV+MvFXslPcZSjZob41IstHA="
		},
		"typescript": {
			"version": "3.9.10",
			"resolved": "https://registry.npmjs.org/typescript/-/typescript-3.9.10.tgz",
			"integrity": "sha512-w6fIxVE/H1PkLKcCPsFqKE7Kv7QUwhU8qQY2MueZXWx5cPZdwFupLgKK3vntcK98BtNHZtAF4LA/yl2a7k8R6Q=="
		}
	}
}
