{
	"name": "@tsmirror/di",
	"version": "0.0.2",
	"lockfileVersion": 1,
	"requires": true,
	"dependencies": {
		"@tsmirror/reflect": {
			"version": "0.0.2",
			"resolved": "https://registry.npmjs.org/@tsmirror/reflect/-/reflect-0.0.2.tgz",
			"integrity": "sha512-x/qy1v5RmT3Rx5J1nK2sbmN/cRNhYteVe3cOFnVbC+XLfAKj/CCXOC9Y18Urkq/y4BtnOLNUoPDNSCsVdQqZRw==",
			"requires": {
				"typescript": "^3.8.3"
			}
		},
		"blns": {
			"version": "2.0.4",
			"resolved": "https://registry.npmjs.org/blns/-/blns-2.0.4.tgz",
			"integrity": "sha1-YgygV+MvFXslPcZSjZob41IstHA="
		},
		"typescript": {
			"version": "3.8.3",
			"resolved": "https://registry.npmjs.org/typescript/-/typescript-3.8.3.tgz",
			"integrity": "sha512-MYlEfn5VrLNsgudQTVJeNaQFUAI7DkhnOjdpAp4T+ku1TfQClewlbSuTVHiA+8skNBgaf02TL/kLOvig4y3G8w=="
		}
	}
}
